// !$*UTF8*$!
{
	archiveVersion = 1;
	classes = {
	};
	objectVersion = 56;
	objects = {

/* Begin PBXBuildFile section */
		850B83662C81ED0300A48D6D /* IBM-Project-frontend Watch App.app in Embed Watch Content */ = {isa = PBXBuildFile; fileRef = 850B83652C81ED0300A48D6D /* IBM-Project-frontend Watch App.app */; settings = {ATTRIBUTES = (RemoveHeadersOnCopy, ); }; };
		850B836B2C81ED0300A48D6D /* IBM_Project_frontendApp.swift in Sources */ = {isa = PBXBuildFile; fileRef = 850B836A2C81ED0300A48D6D /* IBM_Project_frontendApp.swift */; };
		850B836F2C81ED0400A48D6D /* Assets.xcassets in Resources */ = {isa = PBXBuildFile; fileRef = 850B836E2C81ED0400A48D6D /* Assets.xcassets */; };
		850B83722C81ED0400A48D6D /* Preview Assets.xcassets in Resources */ = {isa = PBXBuildFile; fileRef = 850B83712C81ED0400A48D6D /* Preview Assets.xcassets */; };
		850FABF12C88BA630047EE50 /* AppUITests.swift in Sources */ = {isa = PBXBuildFile; fileRef = 850FABF02C88BA630047EE50 /* AppUITests.swift */; };
		850FABF32C88BA630047EE50 /* AppUITestsLaunchTests.swift in Sources */ = {isa = PBXBuildFile; fileRef = 850FABF22C88BA630047EE50 /* AppUITestsLaunchTests.swift */; };
		850FABF92C88BC3B0047EE50 /* ExampleTests.swift in Sources */ = {isa = PBXBuildFile; fileRef = 852D18CE2C8492240012345B /* ExampleTests.swift */; };
		852D18C42C8476910012345B /* HealthKitManager.swift in Sources */ = {isa = PBXBuildFile; fileRef = 852D18C32C8476910012345B /* HealthKitManager.swift */; };
		852D18CC2C8490890012345B /* InterfaceController.swift in Sources */ = {isa = PBXBuildFile; fileRef = 852D18CB2C8490890012345B /* InterfaceController.swift */; };
		8538526C2C87012A00EE646B /* SplashScreenView.swift in Sources */ = {isa = PBXBuildFile; fileRef = 8538526B2C87012A00EE646B /* SplashScreenView.swift */; };
		8540DD2E2C88C98300B45FEA /* FakeDataSender.swift in Sources */ = {isa = PBXBuildFile; fileRef = 850FABE82C88B65A0047EE50 /* FakeDataSender.swift */; };
		8540DD2F2C88CB4700B45FEA /* NetworkManager.swift in Sources */ = {isa = PBXBuildFile; fileRef = 852D18C92C848FAF0012345B /* NetworkManager.swift */; };
		8540DD302C88CB4800B45FEA /* NetworkManager.swift in Sources */ = {isa = PBXBuildFile; fileRef = 852D18C92C848FAF0012345B /* NetworkManager.swift */; };
		8540DD312C88CB4F00B45FEA /* HealthKitManager.swift in Sources */ = {isa = PBXBuildFile; fileRef = 852D18C32C8476910012345B /* HealthKitManager.swift */; };
		8540DD322C88CB5300B45FEA /* FakeDataSender.swift in Sources */ = {isa = PBXBuildFile; fileRef = 850FABE82C88B65A0047EE50 /* FakeDataSender.swift */; };
		8540DD342C88CB6400B45FEA /* RunningView.swift in Sources */ = {isa = PBXBuildFile; fileRef = 858FD05F2C8468ED00FEB5C5 /* RunningView.swift */; };
		8540DD352C88CB6600B45FEA /* DetailView.swift in Sources */ = {isa = PBXBuildFile; fileRef = 858FD0612C8468FD00FEB5C5 /* DetailView.swift */; };
		8540DD362C88CB6900B45FEA /* CompletionView.swift in Sources */ = {isa = PBXBuildFile; fileRef = 9AB5C1DB2C872ADD00DD27D1 /* CompletionView.swift */; };
		8540DD372C88CB6C00B45FEA /* UserInputView.swift in Sources */ = {isa = PBXBuildFile; fileRef = 858FD05D2C84680400FEB5C5 /* UserInputView.swift */; };
		8540DD382C88CB6E00B45FEA /* SplashScreenView.swift in Sources */ = {isa = PBXBuildFile; fileRef = 8538526B2C87012A00EE646B /* SplashScreenView.swift */; };
		8540DD392C88CB7000B45FEA /* InterfaceController.swift in Sources */ = {isa = PBXBuildFile; fileRef = 852D18CB2C8490890012345B /* InterfaceController.swift */; };
		8540DD3A2C88CB7700B45FEA /* IBM_Project_frontendApp.swift in Sources */ = {isa = PBXBuildFile; fileRef = 850B836A2C81ED0300A48D6D /* IBM_Project_frontendApp.swift */; };
		858FD05E2C84680400FEB5C5 /* UserInputView.swift in Sources */ = {isa = PBXBuildFile; fileRef = 858FD05D2C84680400FEB5C5 /* UserInputView.swift */; };
		858FD0602C8468ED00FEB5C5 /* RunningView.swift in Sources */ = {isa = PBXBuildFile; fileRef = 858FD05F2C8468ED00FEB5C5 /* RunningView.swift */; };
		858FD0622C8468FD00FEB5C5 /* DetailView.swift in Sources */ = {isa = PBXBuildFile; fileRef = 858FD0612C8468FD00FEB5C5 /* DetailView.swift */; };
		9AB5C1DC2C872ADD00DD27D1 /* CompletionView.swift in Sources */ = {isa = PBXBuildFile; fileRef = 9AB5C1DB2C872ADD00DD27D1 /* CompletionView.swift */; };
/* End PBXBuildFile section */

/* Begin PBXContainerItemProxy section */
		850B83672C81ED0300A48D6D /* PBXContainerItemProxy */ = {
			isa = PBXContainerItemProxy;
			containerPortal = 850B83592C81ED0300A48D6D /* Project object */;
			proxyType = 1;
			remoteGlobalIDString = 850B83642C81ED0300A48D6D;
			remoteInfo = "IBM-Project-frontend Watch App";
		};
		850FABF42C88BA630047EE50 /* PBXContainerItemProxy */ = {
			isa = PBXContainerItemProxy;
			containerPortal = 850B83592C81ED0300A48D6D /* Project object */;
			proxyType = 1;
			remoteGlobalIDString = 850B83642C81ED0300A48D6D;
			remoteInfo = "IBM-Project-frontend Watch App";
		};
/* End PBXContainerItemProxy section */

/* Begin PBXCopyFilesBuildPhase section */
		850B83782C81ED0400A48D6D /* Embed Watch Content */ = {
			isa = PBXCopyFilesBuildPhase;
			buildActionMask = 2147483647;
			dstPath = "$(CONTENTS_FOLDER_PATH)/Watch";
			dstSubfolderSpec = 16;
			files = (
				850B83662C81ED0300A48D6D /* IBM-Project-frontend Watch App.app in Embed Watch Content */,
			);
			name = "Embed Watch Content";
			runOnlyForDeploymentPostprocessing = 0;
		};
/* End PBXCopyFilesBuildPhase section */

/* Begin PBXFileReference section */
		850B835F2C81ED0300A48D6D /* IBM-Project-frontend.app */ = {isa = PBXFileReference; explicitFileType = wrapper.application; includeInIndex = 0; path = "IBM-Project-frontend.app"; sourceTree = BUILT_PRODUCTS_DIR; };
		850B83652C81ED0300A48D6D /* IBM-Project-frontend Watch App.app */ = {isa = PBXFileReference; explicitFileType = wrapper.application; includeInIndex = 0; path = "IBM-Project-frontend Watch App.app"; sourceTree = BUILT_PRODUCTS_DIR; };
		850B836A2C81ED0300A48D6D /* IBM_Project_frontendApp.swift */ = {isa = PBXFileReference; lastKnownFileType = sourcecode.swift; path = IBM_Project_frontendApp.swift; sourceTree = "<group>"; };
		850B836E2C81ED0400A48D6D /* Assets.xcassets */ = {isa = PBXFileReference; lastKnownFileType = folder.assetcatalog; path = Assets.xcassets; sourceTree = "<group>"; };
		850B83712C81ED0400A48D6D /* Preview Assets.xcassets */ = {isa = PBXFileReference; lastKnownFileType = folder.assetcatalog; path = "Preview Assets.xcassets"; sourceTree = "<group>"; };
		850FABE82C88B65A0047EE50 /* FakeDataSender.swift */ = {isa = PBXFileReference; lastKnownFileType = sourcecode.swift; path = FakeDataSender.swift; sourceTree = "<group>"; };
		850FABEE2C88BA630047EE50 /* AppUITests.xctest */ = {isa = PBXFileReference; explicitFileType = wrapper.cfbundle; includeInIndex = 0; path = AppUITests.xctest; sourceTree = BUILT_PRODUCTS_DIR; };
		850FABF02C88BA630047EE50 /* AppUITests.swift */ = {isa = PBXFileReference; lastKnownFileType = sourcecode.swift; path = AppUITests.swift; sourceTree = "<group>"; };
		850FABF22C88BA630047EE50 /* AppUITestsLaunchTests.swift */ = {isa = PBXFileReference; lastKnownFileType = sourcecode.swift; path = AppUITestsLaunchTests.swift; sourceTree = "<group>"; };
		852D18C32C8476910012345B /* HealthKitManager.swift */ = {isa = PBXFileReference; lastKnownFileType = sourcecode.swift; path = HealthKitManager.swift; sourceTree = "<group>"; };
		852D18C52C84772C0012345B /* IBM-Project-frontend Watch App.entitlements */ = {isa = PBXFileReference; lastKnownFileType = text.plist.entitlements; path = "IBM-Project-frontend Watch App.entitlements"; sourceTree = "<group>"; };
		852D18C92C848FAF0012345B /* NetworkManager.swift */ = {isa = PBXFileReference; lastKnownFileType = sourcecode.swift; path = NetworkManager.swift; sourceTree = "<group>"; };
		852D18CB2C8490890012345B /* InterfaceController.swift */ = {isa = PBXFileReference; lastKnownFileType = sourcecode.swift; path = InterfaceController.swift; sourceTree = "<group>"; };
		852D18CE2C8492240012345B /* ExampleTests.swift */ = {isa = PBXFileReference; lastKnownFileType = sourcecode.swift; path = ExampleTests.swift; sourceTree = "<group>"; };
		8538526B2C87012A00EE646B /* SplashScreenView.swift */ = {isa = PBXFileReference; lastKnownFileType = sourcecode.swift; path = SplashScreenView.swift; sourceTree = "<group>"; };
		858FD05D2C84680400FEB5C5 /* UserInputView.swift */ = {isa = PBXFileReference; lastKnownFileType = sourcecode.swift; path = UserInputView.swift; sourceTree = "<group>"; };
		858FD05F2C8468ED00FEB5C5 /* RunningView.swift */ = {isa = PBXFileReference; lastKnownFileType = sourcecode.swift; path = RunningView.swift; sourceTree = "<group>"; };
		858FD0612C8468FD00FEB5C5 /* DetailView.swift */ = {isa = PBXFileReference; lastKnownFileType = sourcecode.swift; path = DetailView.swift; sourceTree = "<group>"; };
		9AB5C1DB2C872ADD00DD27D1 /* CompletionView.swift */ = {isa = PBXFileReference; lastKnownFileType = sourcecode.swift; path = CompletionView.swift; sourceTree = "<group>"; };
/* End PBXFileReference section */

/* Begin PBXFrameworksBuildPhase section */
		850B83622C81ED0300A48D6D /* Frameworks */ = {
			isa = PBXFrameworksBuildPhase;
			buildActionMask = 2147483647;
			files = (
			);
			runOnlyForDeploymentPostprocessing = 0;
		};
		850FABEB2C88BA630047EE50 /* Frameworks */ = {
			isa = PBXFrameworksBuildPhase;
			buildActionMask = 2147483647;
			files = (
			);
			runOnlyForDeploymentPostprocessing = 0;
		};
/* End PBXFrameworksBuildPhase section */

/* Begin PBXGroup section */
		850B83582C81ED0300A48D6D = {
			isa = PBXGroup;
			children = (
				850B83692C81ED0300A48D6D /* IBM-Project-frontend Watch App */,
				850FABEF2C88BA630047EE50 /* AppUITests */,
				850B83602C81ED0300A48D6D /* Products */,
			);
			sourceTree = "<group>";
		};
		850B83602C81ED0300A48D6D /* Products */ = {
			isa = PBXGroup;
			children = (
				850B835F2C81ED0300A48D6D /* IBM-Project-frontend.app */,
				850B83652C81ED0300A48D6D /* IBM-Project-frontend Watch App.app */,
				850FABEE2C88BA630047EE50 /* AppUITests.xctest */,
			);
			name = Products;
			sourceTree = "<group>";
		};
		850B83692C81ED0300A48D6D /* IBM-Project-frontend Watch App */ = {
			isa = PBXGroup;
			children = (
				852D18CD2C84920A0012345B /* Test */,
				852D18C52C84772C0012345B /* IBM-Project-frontend Watch App.entitlements */,
				850B836A2C81ED0300A48D6D /* IBM_Project_frontendApp.swift */,
				852D18C32C8476910012345B /* HealthKitManager.swift */,
				852D18CB2C8490890012345B /* InterfaceController.swift */,
				857AABFC2C847335009BE324 /* AppView */,
				857AABFB2C8472C4009BE324 /* EventView */,
				857AABFA2C847293009BE324 /* DetailView */,
				852D18C82C848F900012345B /* Network */,
				850B836E2C81ED0400A48D6D /* Assets.xcassets */,
				850B83702C81ED0400A48D6D /* Preview Content */,
			);
			path = "IBM-Project-frontend Watch App";
			sourceTree = "<group>";
		};
		850B83702C81ED0400A48D6D /* Preview Content */ = {
			isa = PBXGroup;
			children = (
				850B83712C81ED0400A48D6D /* Preview Assets.xcassets */,
			);
			path = "Preview Content";
			sourceTree = "<group>";
		};
		850FABEF2C88BA630047EE50 /* AppUITests */ = {
			isa = PBXGroup;
			children = (
				850FABF02C88BA630047EE50 /* AppUITests.swift */,
				850FABF22C88BA630047EE50 /* AppUITestsLaunchTests.swift */,
			);
			path = AppUITests;
			sourceTree = "<group>";
		};
		852D18C82C848F900012345B /* Network */ = {
			isa = PBXGroup;
			children = (
				852D18C92C848FAF0012345B /* NetworkManager.swift */,
			);
			path = Network;
			sourceTree = "<group>";
		};
		852D18CD2C84920A0012345B /* Test */ = {
			isa = PBXGroup;
			children = (
				852D18CE2C8492240012345B /* ExampleTests.swift */,
				850FABE82C88B65A0047EE50 /* FakeDataSender.swift */,
			);
			path = Test;
			sourceTree = "<group>";
		};
		857AABFA2C847293009BE324 /* DetailView */ = {
			isa = PBXGroup;
			children = (
				858FD05F2C8468ED00FEB5C5 /* RunningView.swift */,
				858FD0612C8468FD00FEB5C5 /* DetailView.swift */,
			);
			path = DetailView;
			sourceTree = "<group>";
		};
		857AABFB2C8472C4009BE324 /* EventView */ = {
			isa = PBXGroup;
			children = (
				9AB5C1DB2C872ADD00DD27D1 /* CompletionView.swift */,
			);
			path = EventView;
			sourceTree = "<group>";
		};
		857AABFC2C847335009BE324 /* AppView */ = {
			isa = PBXGroup;
			children = (
				858FD05D2C84680400FEB5C5 /* UserInputView.swift */,
				8538526B2C87012A00EE646B /* SplashScreenView.swift */,
			);
			path = AppView;
			sourceTree = "<group>";
		};
/* End PBXGroup section */

/* Begin PBXNativeTarget section */
		850B835E2C81ED0300A48D6D /* IBM-Project-frontend */ = {
			isa = PBXNativeTarget;
			buildConfigurationList = 850B83792C81ED0400A48D6D /* Build configuration list for PBXNativeTarget "IBM-Project-frontend" */;
			buildPhases = (
				850B835D2C81ED0300A48D6D /* Resources */,
				850B83782C81ED0400A48D6D /* Embed Watch Content */,
			);
			buildRules = (
			);
			dependencies = (
				850B83682C81ED0300A48D6D /* PBXTargetDependency */,
			);
			name = "IBM-Project-frontend";
			productName = "IBM-Project-frontend";
			productReference = 850B835F2C81ED0300A48D6D /* IBM-Project-frontend.app */;
			productType = "com.apple.product-type.application.watchapp2-container";
		};
		850B83642C81ED0300A48D6D /* IBM-Project-frontend Watch App */ = {
			isa = PBXNativeTarget;
			buildConfigurationList = 850B83752C81ED0400A48D6D /* Build configuration list for PBXNativeTarget "IBM-Project-frontend Watch App" */;
			buildPhases = (
				850B83612C81ED0300A48D6D /* Sources */,
				850B83622C81ED0300A48D6D /* Frameworks */,
				850B83632C81ED0300A48D6D /* Resources */,
			);
			buildRules = (
			);
			dependencies = (
			);
			name = "IBM-Project-frontend Watch App";
			productName = "IBM-Project-frontend Watch App";
			productReference = 850B83652C81ED0300A48D6D /* IBM-Project-frontend Watch App.app */;
			productType = "com.apple.product-type.application";
		};
		850FABED2C88BA630047EE50 /* AppUITests */ = {
			isa = PBXNativeTarget;
			buildConfigurationList = 850FABF62C88BA630047EE50 /* Build configuration list for PBXNativeTarget "AppUITests" */;
			buildPhases = (
				850FABEA2C88BA630047EE50 /* Sources */,
				850FABEB2C88BA630047EE50 /* Frameworks */,
				850FABEC2C88BA630047EE50 /* Resources */,
			);
			buildRules = (
			);
			dependencies = (
				850FABF52C88BA630047EE50 /* PBXTargetDependency */,
			);
			name = AppUITests;
			productName = AppUITests;
			productReference = 850FABEE2C88BA630047EE50 /* AppUITests.xctest */;
			productType = "com.apple.product-type.bundle.ui-testing";
		};
/* End PBXNativeTarget section */

/* Begin PBXProject section */
		850B83592C81ED0300A48D6D /* Project object */ = {
			isa = PBXProject;
			attributes = {
				BuildIndependentTargetsInParallel = 1;
				LastSwiftUpdateCheck = 1540;
				LastUpgradeCheck = 1540;
				TargetAttributes = {
					850B835E2C81ED0300A48D6D = {
						CreatedOnToolsVersion = 15.4;
					};
					850B83642C81ED0300A48D6D = {
						CreatedOnToolsVersion = 15.4;
					};
					850FABED2C88BA630047EE50 = {
						CreatedOnToolsVersion = 15.4;
						TestTargetID = 850B83642C81ED0300A48D6D;
					};
				};
			};
			buildConfigurationList = 850B835C2C81ED0300A48D6D /* Build configuration list for PBXProject "IBMProjectFrontend" */;
			compatibilityVersion = "Xcode 14.0";
			developmentRegion = en;
			hasScannedForEncodings = 0;
			knownRegions = (
				en,
				Base,
			);
			mainGroup = 850B83582C81ED0300A48D6D;
			productRefGroup = 850B83602C81ED0300A48D6D /* Products */;
			projectDirPath = "";
			projectRoot = "";
			targets = (
				850B835E2C81ED0300A48D6D /* IBM-Project-frontend */,
				850B83642C81ED0300A48D6D /* IBM-Project-frontend Watch App */,
				850FABED2C88BA630047EE50 /* AppUITests */,
			);
		};
/* End PBXProject section */

/* Begin PBXResourcesBuildPhase section */
		850B835D2C81ED0300A48D6D /* Resources */ = {
			isa = PBXResourcesBuildPhase;
			buildActionMask = 2147483647;
			files = (
			);
			runOnlyForDeploymentPostprocessing = 0;
		};
		850B83632C81ED0300A48D6D /* Resources */ = {
			isa = PBXResourcesBuildPhase;
			buildActionMask = 2147483647;
			files = (
				850B83722C81ED0400A48D6D /* Preview Assets.xcassets in Resources */,
				850B836F2C81ED0400A48D6D /* Assets.xcassets in Resources */,
			);
			runOnlyForDeploymentPostprocessing = 0;
		};
		850FABEC2C88BA630047EE50 /* Resources */ = {
			isa = PBXResourcesBuildPhase;
			buildActionMask = 2147483647;
			files = (
			);
			runOnlyForDeploymentPostprocessing = 0;
		};
/* End PBXResourcesBuildPhase section */

/* Begin PBXSourcesBuildPhase section */
		850B83612C81ED0300A48D6D /* Sources */ = {
			isa = PBXSourcesBuildPhase;
			buildActionMask = 2147483647;
			files = (
				8540DD2F2C88CB4700B45FEA /* NetworkManager.swift in Sources */,
				9AB5C1DC2C872ADD00DD27D1 /* CompletionView.swift in Sources */,
				858FD05E2C84680400FEB5C5 /* UserInputView.swift in Sources */,
				858FD0622C8468FD00FEB5C5 /* DetailView.swift in Sources */,
				858FD0602C8468ED00FEB5C5 /* RunningView.swift in Sources */,
				8540DD322C88CB5300B45FEA /* FakeDataSender.swift in Sources */,
				852D18CC2C8490890012345B /* InterfaceController.swift in Sources */,
				852D18C42C8476910012345B /* HealthKitManager.swift in Sources */,
				850B836B2C81ED0300A48D6D /* IBM_Project_frontendApp.swift in Sources */,
				8538526C2C87012A00EE646B /* SplashScreenView.swift in Sources */,
			);
			runOnlyForDeploymentPostprocessing = 0;
		};
		850FABEA2C88BA630047EE50 /* Sources */ = {
			isa = PBXSourcesBuildPhase;
			buildActionMask = 2147483647;
			files = (
				850FABF32C88BA630047EE50 /* AppUITestsLaunchTests.swift in Sources */,
				8540DD352C88CB6600B45FEA /* DetailView.swift in Sources */,
				8540DD2E2C88C98300B45FEA /* FakeDataSender.swift in Sources */,
				8540DD3A2C88CB7700B45FEA /* IBM_Project_frontendApp.swift in Sources */,
				8540DD312C88CB4F00B45FEA /* HealthKitManager.swift in Sources */,
				8540DD382C88CB6E00B45FEA /* SplashScreenView.swift in Sources */,
				8540DD302C88CB4800B45FEA /* NetworkManager.swift in Sources */,
				850FABF12C88BA630047EE50 /* AppUITests.swift in Sources */,
				8540DD372C88CB6C00B45FEA /* UserInputView.swift in Sources */,
				8540DD362C88CB6900B45FEA /* CompletionView.swift in Sources */,
				8540DD392C88CB7000B45FEA /* InterfaceController.swift in Sources */,
				8540DD342C88CB6400B45FEA /* RunningView.swift in Sources */,
				850FABF92C88BC3B0047EE50 /* ExampleTests.swift in Sources */,
			);
			runOnlyForDeploymentPostprocessing = 0;
		};
/* End PBXSourcesBuildPhase section */

/* Begin PBXTargetDependency section */
		850B83682C81ED0300A48D6D /* PBXTargetDependency */ = {
			isa = PBXTargetDependency;
			target = 850B83642C81ED0300A48D6D /* IBM-Project-frontend Watch App */;
			targetProxy = 850B83672C81ED0300A48D6D /* PBXContainerItemProxy */;
		};
		850FABF52C88BA630047EE50 /* PBXTargetDependency */ = {
			isa = PBXTargetDependency;
			target = 850B83642C81ED0300A48D6D /* IBM-Project-frontend Watch App */;
			targetProxy = 850FABF42C88BA630047EE50 /* PBXContainerItemProxy */;
		};
/* End PBXTargetDependency section */

/* Begin XCBuildConfiguration section */
		850B83732C81ED0400A48D6D /* Debug */ = {
			isa = XCBuildConfiguration;
			buildSettings = {
				ALWAYS_SEARCH_USER_PATHS = NO;
				ASSETCATALOG_COMPILER_GENERATE_SWIFT_ASSET_SYMBOL_EXTENSIONS = YES;
				CLANG_ANALYZER_NONNULL = YES;
				CLANG_ANALYZER_NUMBER_OBJECT_CONVERSION = YES_AGGRESSIVE;
				CLANG_CXX_LANGUAGE_STANDARD = "gnu++20";
				CLANG_ENABLE_MODULES = YES;
				CLANG_ENABLE_OBJC_ARC = YES;
				CLANG_ENABLE_OBJC_WEAK = YES;
				CLANG_WARN_BLOCK_CAPTURE_AUTORELEASING = YES;
				CLANG_WARN_BOOL_CONVERSION = YES;
				CLANG_WARN_COMMA = YES;
				CLANG_WARN_CONSTANT_CONVERSION = YES;
				CLANG_WARN_DEPRECATED_OBJC_IMPLEMENTATIONS = YES;
				CLANG_WARN_DIRECT_OBJC_ISA_USAGE = YES_ERROR;
				CLANG_WARN_DOCUMENTATION_COMMENTS = YES;
				CLANG_WARN_EMPTY_BODY = YES;
				CLANG_WARN_ENUM_CONVERSION = YES;
				CLANG_WARN_INFINITE_RECURSION = YES;
				CLANG_WARN_INT_CONVERSION = YES;
				CLANG_WARN_NON_LITERAL_NULL_CONVERSION = YES;
				CLANG_WARN_OBJC_IMPLICIT_RETAIN_SELF = YES;
				CLANG_WARN_OBJC_LITERAL_CONVERSION = YES;
				CLANG_WARN_OBJC_ROOT_CLASS = YES_ERROR;
				CLANG_WARN_QUOTED_INCLUDE_IN_FRAMEWORK_HEADER = YES;
				CLANG_WARN_RANGE_LOOP_ANALYSIS = YES;
				CLANG_WARN_STRICT_PROTOTYPES = YES;
				CLANG_WARN_SUSPICIOUS_MOVE = YES;
				CLANG_WARN_UNGUARDED_AVAILABILITY = YES_AGGRESSIVE;
				CLANG_WARN_UNREACHABLE_CODE = YES;
				CLANG_WARN__DUPLICATE_METHOD_MATCH = YES;
				COPY_PHASE_STRIP = NO;
				DEBUG_INFORMATION_FORMAT = dwarf;
				ENABLE_STRICT_OBJC_MSGSEND = YES;
				ENABLE_TESTABILITY = YES;
				ENABLE_USER_SCRIPT_SANDBOXING = YES;
				GCC_C_LANGUAGE_STANDARD = gnu17;
				GCC_DYNAMIC_NO_PIC = NO;
				GCC_NO_COMMON_BLOCKS = YES;
				GCC_OPTIMIZATION_LEVEL = 0;
				GCC_PREPROCESSOR_DEFINITIONS = (
					"DEBUG=1",
					"$(inherited)",
				);
				GCC_WARN_64_TO_32_BIT_CONVERSION = YES;
				GCC_WARN_ABOUT_RETURN_TYPE = YES_ERROR;
				GCC_WARN_UNDECLARED_SELECTOR = YES;
				GCC_WARN_UNINITIALIZED_AUTOS = YES_AGGRESSIVE;
				GCC_WARN_UNUSED_FUNCTION = YES;
				GCC_WARN_UNUSED_VARIABLE = YES;
				LOCALIZATION_PREFERS_STRING_CATALOGS = YES;
				MTL_ENABLE_DEBUG_INFO = INCLUDE_SOURCE;
				MTL_FAST_MATH = YES;
				ONLY_ACTIVE_ARCH = YES;
				SWIFT_ACTIVE_COMPILATION_CONDITIONS = "DEBUG $(inherited)";
				SWIFT_OPTIMIZATION_LEVEL = "-Onone";
			};
			name = Debug;
		};
		850B83742C81ED0400A48D6D /* Release */ = {
			isa = XCBuildConfiguration;
			buildSettings = {
				ALWAYS_SEARCH_USER_PATHS = NO;
				ASSETCATALOG_COMPILER_GENERATE_SWIFT_ASSET_SYMBOL_EXTENSIONS = YES;
				CLANG_ANALYZER_NONNULL = YES;
				CLANG_ANALYZER_NUMBER_OBJECT_CONVERSION = YES_AGGRESSIVE;
				CLANG_CXX_LANGUAGE_STANDARD = "gnu++20";
				CLANG_ENABLE_MODULES = YES;
				CLANG_ENABLE_OBJC_ARC = YES;
				CLANG_ENABLE_OBJC_WEAK = YES;
				CLANG_WARN_BLOCK_CAPTURE_AUTORELEASING = YES;
				CLANG_WARN_BOOL_CONVERSION = YES;
				CLANG_WARN_COMMA = YES;
				CLANG_WARN_CONSTANT_CONVERSION = YES;
				CLANG_WARN_DEPRECATED_OBJC_IMPLEMENTATIONS = YES;
				CLANG_WARN_DIRECT_OBJC_ISA_USAGE = YES_ERROR;
				CLANG_WARN_DOCUMENTATION_COMMENTS = YES;
				CLANG_WARN_EMPTY_BODY = YES;
				CLANG_WARN_ENUM_CONVERSION = YES;
				CLANG_WARN_INFINITE_RECURSION = YES;
				CLANG_WARN_INT_CONVERSION = YES;
				CLANG_WARN_NON_LITERAL_NULL_CONVERSION = YES;
				CLANG_WARN_OBJC_IMPLICIT_RETAIN_SELF = YES;
				CLANG_WARN_OBJC_LITERAL_CONVERSION = YES;
				CLANG_WARN_OBJC_ROOT_CLASS = YES_ERROR;
				CLANG_WARN_QUOTED_INCLUDE_IN_FRAMEWORK_HEADER = YES;
				CLANG_WARN_RANGE_LOOP_ANALYSIS = YES;
				CLANG_WARN_STRICT_PROTOTYPES = YES;
				CLANG_WARN_SUSPICIOUS_MOVE = YES;
				CLANG_WARN_UNGUARDED_AVAILABILITY = YES_AGGRESSIVE;
				CLANG_WARN_UNREACHABLE_CODE = YES;
				CLANG_WARN__DUPLICATE_METHOD_MATCH = YES;
				COPY_PHASE_STRIP = NO;
				DEBUG_INFORMATION_FORMAT = "dwarf-with-dsym";
				ENABLE_NS_ASSERTIONS = NO;
				ENABLE_STRICT_OBJC_MSGSEND = YES;
				ENABLE_USER_SCRIPT_SANDBOXING = YES;
				GCC_C_LANGUAGE_STANDARD = gnu17;
				GCC_NO_COMMON_BLOCKS = YES;
				GCC_WARN_64_TO_32_BIT_CONVERSION = YES;
				GCC_WARN_ABOUT_RETURN_TYPE = YES_ERROR;
				GCC_WARN_UNDECLARED_SELECTOR = YES;
				GCC_WARN_UNINITIALIZED_AUTOS = YES_AGGRESSIVE;
				GCC_WARN_UNUSED_FUNCTION = YES;
				GCC_WARN_UNUSED_VARIABLE = YES;
				LOCALIZATION_PREFERS_STRING_CATALOGS = YES;
				MTL_ENABLE_DEBUG_INFO = NO;
				MTL_FAST_MATH = YES;
				SWIFT_COMPILATION_MODE = wholemodule;
			};
			name = Release;
		};
		850B83762C81ED0400A48D6D /* Debug */ = {
			isa = XCBuildConfiguration;
			buildSettings = {
				ASSETCATALOG_COMPILER_APPICON_NAME = AppIcon;
				ASSETCATALOG_COMPILER_GLOBAL_ACCENT_COLOR_NAME = AccentColor;
				CODE_SIGN_ENTITLEMENTS = "IBM-Project-frontend Watch App/IBM-Project-frontend Watch App.entitlements";
				CODE_SIGN_STYLE = Automatic;
				CURRENT_PROJECT_VERSION = 1;
				DEVELOPMENT_ASSET_PATHS = "\"IBM-Project-frontend Watch App/Preview Content\"";
				DEVELOPMENT_TEAM = 2RNTUQ6XK4;
				ENABLE_PREVIEWS = YES;
				GENERATE_INFOPLIST_FILE = YES;
				INFOPLIST_KEY_CFBundleDisplayName = "IBM-Project-frontend";
				INFOPLIST_KEY_NSHealthShareUsageDescription = "We need your health data to provide accurate running assistance.";
				INFOPLIST_KEY_NSHealthUpdateUsageDescription = "We need your health data to provide accurate running assistance.";
				INFOPLIST_KEY_UISupportedInterfaceOrientations = "UIInterfaceOrientationPortrait UIInterfaceOrientationPortraitUpsideDown";
				INFOPLIST_KEY_WKWatchOnly = YES;
				LD_RUNPATH_SEARCH_PATHS = (
					"$(inherited)",
					"@executable_path/Frameworks",
				);
				MARKETING_VERSION = 1.0;
				PRODUCT_BUNDLE_IDENTIFIER = "ill.IBM-Project-frontend.watchkitapp";
				PRODUCT_NAME = "$(TARGET_NAME)";
				SDKROOT = watchos;
				SKIP_INSTALL = YES;
				SWIFT_EMIT_LOC_STRINGS = YES;
				SWIFT_VERSION = 5.0;
				TARGETED_DEVICE_FAMILY = 4;
				WATCHOS_DEPLOYMENT_TARGET = 10.5;
			};
			name = Debug;
		};
		850B83772C81ED0400A48D6D /* Release */ = {
			isa = XCBuildConfiguration;
			buildSettings = {
				ASSETCATALOG_COMPILER_APPICON_NAME = AppIcon;
				ASSETCATALOG_COMPILER_GLOBAL_ACCENT_COLOR_NAME = AccentColor;
				CODE_SIGN_ENTITLEMENTS = "IBM-Project-frontend Watch App/IBM-Project-frontend Watch App.entitlements";
				CODE_SIGN_STYLE = Automatic;
				CURRENT_PROJECT_VERSION = 1;
				DEVELOPMENT_ASSET_PATHS = "\"IBM-Project-frontend Watch App/Preview Content\"";
				DEVELOPMENT_TEAM = 2RNTUQ6XK4;
				ENABLE_PREVIEWS = YES;
				GENERATE_INFOPLIST_FILE = YES;
				INFOPLIST_KEY_CFBundleDisplayName = "IBM-Project-frontend";
				INFOPLIST_KEY_NSHealthShareUsageDescription = "We need your health data to provide accurate running assistance.";
				INFOPLIST_KEY_NSHealthUpdateUsageDescription = "We need your health data to provide accurate running assistance.";
				INFOPLIST_KEY_UISupportedInterfaceOrientations = "UIInterfaceOrientationPortrait UIInterfaceOrientationPortraitUpsideDown";
				INFOPLIST_KEY_WKWatchOnly = YES;
				LD_RUNPATH_SEARCH_PATHS = (
					"$(inherited)",
					"@executable_path/Frameworks",
				);
				MARKETING_VERSION = 1.0;
				PRODUCT_BUNDLE_IDENTIFIER = "ill.IBM-Project-frontend.watchkitapp";
				PRODUCT_NAME = "$(TARGET_NAME)";
				SDKROOT = watchos;
				SKIP_INSTALL = YES;
				SWIFT_EMIT_LOC_STRINGS = YES;
				SWIFT_VERSION = 5.0;
				TARGETED_DEVICE_FAMILY = 4;
				VALIDATE_PRODUCT = YES;
				WATCHOS_DEPLOYMENT_TARGET = 10.5;
			};
			name = Release;
		};
		850B837A2C81ED0400A48D6D /* Debug */ = {
			isa = XCBuildConfiguration;
			buildSettings = {
				ALWAYS_EMBED_SWIFT_STANDARD_LIBRARIES = YES;
				CODE_SIGN_STYLE = Automatic;
				CURRENT_PROJECT_VERSION = 1;
				DEVELOPMENT_TEAM = 2RNTUQ6XK4;
				INFOPLIST_KEY_CFBundleDisplayName = "IBM-Project-frontend";
				MARKETING_VERSION = 1.0;
				PRODUCT_BUNDLE_IDENTIFIER = "ill.IBM-Project-frontend";
				PRODUCT_NAME = "$(TARGET_NAME)";
				SDKROOT = iphoneos;
				SWIFT_VERSION = 5.0;
			};
			name = Debug;
		};
		850B837B2C81ED0400A48D6D /* Release */ = {
			isa = XCBuildConfiguration;
			buildSettings = {
				ALWAYS_EMBED_SWIFT_STANDARD_LIBRARIES = YES;
				CODE_SIGN_STYLE = Automatic;
				CURRENT_PROJECT_VERSION = 1;
				DEVELOPMENT_TEAM = 2RNTUQ6XK4;
				INFOPLIST_KEY_CFBundleDisplayName = "IBM-Project-frontend";
				MARKETING_VERSION = 1.0;
				PRODUCT_BUNDLE_IDENTIFIER = "ill.IBM-Project-frontend";
				PRODUCT_NAME = "$(TARGET_NAME)";
				SDKROOT = iphoneos;
				SWIFT_VERSION = 5.0;
				VALIDATE_PRODUCT = YES;
			};
			name = Release;
		};
		850FABF72C88BA630047EE50 /* Debug */ = {
			isa = XCBuildConfiguration;
			buildSettings = {
				CODE_SIGN_STYLE = Automatic;
				CURRENT_PROJECT_VERSION = 1;
				DEVELOPMENT_TEAM = 2RNTUQ6XK4;
				GENERATE_INFOPLIST_FILE = YES;
				MARKETING_VERSION = 1.0;
				PRODUCT_BUNDLE_IDENTIFIER = ill.AppUITests;
				PRODUCT_NAME = "$(TARGET_NAME)";
				SDKROOT = watchos;
				SWIFT_EMIT_LOC_STRINGS = NO;
				SWIFT_VERSION = 5.0;
				TARGETED_DEVICE_FAMILY = 4;
				TEST_TARGET_NAME = "IBM-Project-frontend Watch App";
				WATCHOS_DEPLOYMENT_TARGET = 10.5;
			};
			name = Debug;
		};
		850FABF82C88BA630047EE50 /* Release */ = {
			isa = XCBuildConfiguration;
			buildSettings = {
				CODE_SIGN_STYLE = Automatic;
				CURRENT_PROJECT_VERSION = 1;
				DEVELOPMENT_TEAM = 2RNTUQ6XK4;
				GENERATE_INFOPLIST_FILE = YES;
				MARKETING_VERSION = 1.0;
				PRODUCT_BUNDLE_IDENTIFIER = ill.AppUITests;
				PRODUCT_NAME = "$(TARGET_NAME)";
				SDKROOT = watchos;
				SWIFT_EMIT_LOC_STRINGS = NO;
				SWIFT_VERSION = 5.0;
				TARGETED_DEVICE_FAMILY = 4;
				TEST_TARGET_NAME = "IBM-Project-frontend Watch App";
				VALIDATE_PRODUCT = YES;
				WATCHOS_DEPLOYMENT_TARGET = 10.5;
			};
			name = Release;
		};
/* End XCBuildConfiguration section */

/* Begin XCConfigurationList section */
		850B835C2C81ED0300A48D6D /* Build configuration list for PBXProject "IBMProjectFrontend" */ = {
			isa = XCConfigurationList;
			buildConfigurations = (
				850B83732C81ED0400A48D6D /* Debug */,
				850B83742C81ED0400A48D6D /* Release */,
			);
			defaultConfigurationIsVisible = 0;
			defaultConfigurationName = Release;
		};
		850B83752C81ED0400A48D6D /* Build configuration list for PBXNativeTarget "IBM-Project-frontend Watch App" */ = {
			isa = XCConfigurationList;
			buildConfigurations = (
				850B83762C81ED0400A48D6D /* Debug */,
				850B83772C81ED0400A48D6D /* Release */,
			);
			defaultConfigurationIsVisible = 0;
			defaultConfigurationName = Release;
		};
		850B83792C81ED0400A48D6D /* Build configuration list for PBXNativeTarget "IBM-Project-frontend" */ = {
			isa = XCConfigurationList;
			buildConfigurations = (
				850B837A2C81ED0400A48D6D /* Debug */,
				850B837B2C81ED0400A48D6D /* Release */,
			);
			defaultConfigurationIsVisible = 0;
			defaultConfigurationName = Release;
		};
		850FABF62C88BA630047EE50 /* Build configuration list for PBXNativeTarget "AppUITests" */ = {
			isa = XCConfigurationList;
			buildConfigurations = (
				850FABF72C88BA630047EE50 /* Debug */,
				850FABF82C88BA630047EE50 /* Release */,
			);
			defaultConfigurationIsVisible = 0;
			defaultConfigurationName = Release;
		};
/* End XCConfigurationList section */
	};
	rootObject = 850B83592C81ED0300A48D6D /* Project object */;
}
